{
  "version": 4,
  "terraform_version": "0.12.20",
  "serial": 19,
  "lineage": "c6cbff54-aedf-0202-0cba-125b1fb9d4f4",
  "outputs": {
    "config_map_aws_auth": {
      "value": "\n\napiVersion: v1\nkind: ConfigMap\nmetadata:\n  name: aws-auth\n  namespace: kube-system\ndata:\n  mapRoles: |\n    - rolearn: arn:aws:iam::613218033618:role/ctd-cluster-role\n      username: system:node:{{EC2PrivateDNSName}}\n      groups:\n        - system:bootstrappers\n        - system:nodes\n",
      "type": "string"
    },
    "kubeconfig": {
      "value": "\n\napiVersion: v1\nclusters:\n- cluster:\n    server: https://A4C3A3EE72A8C36BAD460C448DDED8CF.gr7.us-east-1.eks.amazonaws.com\n    certificate-authority-data: LS0tLS1CRUdJTiBDRVJUSUZJQ0FURS0tLS0tCk1JSUN5RENDQWJDZ0F3SUJBZ0lCQURBTkJna3Foa2lHOXcwQkFRc0ZBREFWTVJNd0VRWURWUVFERXdwcmRXSmwKY201bGRHVnpNQjRYRFRJd01ESXhPREUwTVRrMU0xb1hEVE13TURJeE5URTBNVGsxTTFvd0ZURVRNQkVHQTFVRQpBeE1LYTNWaVpYSnVaWFJsY3pDQ0FTSXdEUVlKS29aSWh2Y05BUUVCQlFBRGdnRVBBRENDQVFvQ2dnRUJBTHo3CjJJMTFCOG0wSGU2RXg2VGZ2Kys5NDNXQW05YzRNdzQwcG9DRkJMbkMvTUdOV2xtelRBSHo3STJuVXRZbGNscnEKME1VSS9vSUxIc2lRdjUyRDhMSm5QZzc3KzhITm1OODFodHhKUHlDYTdyNkZYR2NMRVZtaThyUTJlcWJ0VmJKOApyUHd5Uy9hRmtsdGl6MWk4R0ZHRnNpVTlvYWszZy9PMmYwNndwUFBNY3FnTE9aeS9PSnVNWUdRNDB6THhLR2JxCm82ci9Dd3VlclBvQ2JnUlBzNnBBcGhGa3ZuUUw1Wm1PUWxtNzR6amlzL1AySW9udVlSRGY1d05wZTN3VG5maisKV0s5RDRjaDBhZnE5bVd4Q25KUGY1dVNqekhSdlBobDBFSlZkcG1UZ0luZExLem03TmVYeEo0OGhML0NoSk90Zgp5WFhuMHBIRFByTm5zb0pRK3JNQ0F3RUFBYU1qTUNFd0RnWURWUjBQQVFIL0JBUURBZ0trTUE4R0ExVWRFd0VCCi93UUZNQU1CQWY4d0RRWUpLb1pJaHZjTkFRRUxCUUFEZ2dFQkFEajJXWkxoSmFnbHVyejBGdGdxSlp5VmZ5WmIKQW9wNndIL2piLzdjUjViemdYTDVQM21WenpCSnBoVW5MWmZrbWtBc1FBZCs1SWNiU21TeWpMRURaMFp4TmZBUwpYSUVFeEZFOXFmenQ5S0dGZUFHRXNqKzNKVE9RbXNILzVuOUE0Q1p0UzBZemNnWU1YdWRLQ1NSL0ZCZEQwRS9ZCkdNdTNmWHRaVksvZU9DNHRqdGRMMXppVk5Yc2lxRlBKWVdKdVVTSWE3NXJ5T2o3NEhkMFR1bEpDNWdOWndJTUwKNmhLZTJ1Z1V4bngvbFU1M2RjblBOTGZGd3lNZkloNDJzVGpwMUZTeEg5THhFOU5EWDZwWmhrTmxmMndoY3FIeApocGFnb2VYbXNPc2syaHEvVmh3U2M1OWtYcmlMWWE0cURLVE5EaFpqT0F3SDhSQm5OWTdOOHEyUUVrRT0KLS0tLS1FTkQgQ0VSVElGSUNBVEUtLS0tLQo=\n  name: kubernetes\ncontexts:\n- context:\n    cluster: kubernetes\n    user: aws\n  name: aws\ncurrent-context: aws\nkind: Config\npreferences: {}\nusers:\n- name: aws\n  user:\n    exec:\n      apiVersion: client.authentication.k8s.io/v1alpha1\n      command: aws-iam-authenticator\n      args:\n        - \"token\"\n        - \"-i\"\n        - \"coding-task-devops\"\n",
      "type": "string"
    }
  },
  "resources": [
    {
      "mode": "data",
      "type": "aws_availability_zones",
      "name": "available",
      "provider": "provider.aws",
      "instances": [
        {
          "schema_version": 0,
          "attributes": {
            "blacklisted_names": null,
            "blacklisted_zone_ids": null,
            "id": "2020-02-18 14:09:57.463898 +0000 UTC",
            "names": [
              "us-east-1a",
              "us-east-1b",
              "us-east-1c",
              "us-east-1d",
              "us-east-1e",
              "us-east-1f"
            ],
            "state": null,
            "zone_ids": [
              "use1-az6",
              "use1-az1",
              "use1-az2",
              "use1-az4",
              "use1-az3",
              "use1-az5"
            ]
          }
        }
      ]
    },
    {
      "mode": "data",
      "type": "aws_region",
      "name": "current",
      "provider": "provider.aws",
      "instances": [
        {
          "schema_version": 0,
          "attributes": {
            "current": null,
            "description": "US East (N. Virginia)",
            "endpoint": "ec2.us-east-1.amazonaws.com",
            "id": "us-east-1",
            "name": "us-east-1"
          }
        }
      ]
    },
    {
      "mode": "data",
      "type": "http",
      "name": "workstation-external-ip",
      "provider": "provider.http",
      "instances": [
        {
          "schema_version": 0,
          "attributes": {
            "body": "161.163.44.8\n",
            "id": "2020-02-18 14:09:52.256362 +0000 UTC",
            "request_headers": null,
            "url": "http://ipv4.icanhazip.com"
          }
        }
      ]
    },
    {
      "mode": "managed",
      "type": "aws_eks_cluster",
      "name": "ctd",
      "provider": "provider.aws",
      "instances": [
        {
          "schema_version": 0,
          "attributes": {
            "arn": "arn:aws:eks:us-east-1:613218033618:cluster/coding-task-devops",
            "certificate_authority": [
              {
                "data": "LS0tLS1CRUdJTiBDRVJUSUZJQ0FURS0tLS0tCk1JSUN5RENDQWJDZ0F3SUJBZ0lCQURBTkJna3Foa2lHOXcwQkFRc0ZBREFWTVJNd0VRWURWUVFERXdwcmRXSmwKY201bGRHVnpNQjRYRFRJd01ESXhPREUwTVRrMU0xb1hEVE13TURJeE5URTBNVGsxTTFvd0ZURVRNQkVHQTFVRQpBeE1LYTNWaVpYSnVaWFJsY3pDQ0FTSXdEUVlKS29aSWh2Y05BUUVCQlFBRGdnRVBBRENDQVFvQ2dnRUJBTHo3CjJJMTFCOG0wSGU2RXg2VGZ2Kys5NDNXQW05YzRNdzQwcG9DRkJMbkMvTUdOV2xtelRBSHo3STJuVXRZbGNscnEKME1VSS9vSUxIc2lRdjUyRDhMSm5QZzc3KzhITm1OODFodHhKUHlDYTdyNkZYR2NMRVZtaThyUTJlcWJ0VmJKOApyUHd5Uy9hRmtsdGl6MWk4R0ZHRnNpVTlvYWszZy9PMmYwNndwUFBNY3FnTE9aeS9PSnVNWUdRNDB6THhLR2JxCm82ci9Dd3VlclBvQ2JnUlBzNnBBcGhGa3ZuUUw1Wm1PUWxtNzR6amlzL1AySW9udVlSRGY1d05wZTN3VG5maisKV0s5RDRjaDBhZnE5bVd4Q25KUGY1dVNqekhSdlBobDBFSlZkcG1UZ0luZExLem03TmVYeEo0OGhML0NoSk90Zgp5WFhuMHBIRFByTm5zb0pRK3JNQ0F3RUFBYU1qTUNFd0RnWURWUjBQQVFIL0JBUURBZ0trTUE4R0ExVWRFd0VCCi93UUZNQU1CQWY4d0RRWUpLb1pJaHZjTkFRRUxCUUFEZ2dFQkFEajJXWkxoSmFnbHVyejBGdGdxSlp5VmZ5WmIKQW9wNndIL2piLzdjUjViemdYTDVQM21WenpCSnBoVW5MWmZrbWtBc1FBZCs1SWNiU21TeWpMRURaMFp4TmZBUwpYSUVFeEZFOXFmenQ5S0dGZUFHRXNqKzNKVE9RbXNILzVuOUE0Q1p0UzBZemNnWU1YdWRLQ1NSL0ZCZEQwRS9ZCkdNdTNmWHRaVksvZU9DNHRqdGRMMXppVk5Yc2lxRlBKWVdKdVVTSWE3NXJ5T2o3NEhkMFR1bEpDNWdOWndJTUwKNmhLZTJ1Z1V4bngvbFU1M2RjblBOTGZGd3lNZkloNDJzVGpwMUZTeEg5THhFOU5EWDZwWmhrTmxmMndoY3FIeApocGFnb2VYbXNPc2syaHEvVmh3U2M1OWtYcmlMWWE0cURLVE5EaFpqT0F3SDhSQm5OWTdOOHEyUUVrRT0KLS0tLS1FTkQgQ0VSVElGSUNBVEUtLS0tLQo="
              }
            ],
            "created_at": "2020-02-18 14:11:02 +0000 UTC",
            "enabled_cluster_log_types": null,
            "endpoint": "https://A4C3A3EE72A8C36BAD460C448DDED8CF.gr7.us-east-1.eks.amazonaws.com",
            "id": "coding-task-devops",
            "identity": [
              {
                "oidc": [
                  {
                    "issuer": "https://oidc.eks.us-east-1.amazonaws.com/id/A4C3A3EE72A8C36BAD460C448DDED8CF"
                  }
                ]
              }
            ],
            "name": "coding-task-devops",
            "platform_version": "eks.7",
            "role_arn": "arn:aws:iam::613218033618:role/ctd-cluster-role",
            "status": "ACTIVE",
            "tags": null,
            "timeouts": null,
            "version": "1.14",
            "vpc_config": [
              {
                "cluster_security_group_id": "sg-023dcd35c1352f86d",
                "endpoint_private_access": false,
                "endpoint_public_access": true,
                "public_access_cidrs": [
                  "0.0.0.0/0"
                ],
                "security_group_ids": [
                  "sg-01d7573669c838c5d"
                ],
                "subnet_ids": [
                  "subnet-0966a3f3a02e31b8a",
                  "subnet-0d9ed138f0ae44299"
                ],
                "vpc_id": "vpc-0e4ebcb6e79f12c00"
              }
            ]
          },
          "private": "eyJlMmJmYjczMC1lY2FhLTExZTYtOGY4OC0zNDM2M2JjN2M0YzAiOnsiY3JlYXRlIjoxODAwMDAwMDAwMDAwLCJkZWxldGUiOjkwMDAwMDAwMDAwMCwidXBkYXRlIjozNjAwMDAwMDAwMDAwfX0=",
          "dependencies": [
            "aws_iam_role.ctd-cluster-role",
            "aws_iam_role_policy_attachment.ctd-cluster-AmazonEKSClusterPolicy",
            "aws_iam_role_policy_attachment.ctd-cluster-AmazonEKSServicePolicy",
            "aws_security_group.ctd-cluster-sg",
            "aws_subnet.atd_sn",
            "aws_vpc.ctd_vpc"
          ]
        }
      ]
    },
    {
      "mode": "managed",
      "type": "aws_eks_node_group",
      "name": "ctd",
      "provider": "provider.aws",
      "instances": [
        {
          "schema_version": 0,
          "attributes": {
            "ami_type": "AL2_x86_64",
            "arn": "arn:aws:eks:us-east-1:613218033618:nodegroup/coding-task-devops/demo/22b82c57-4be4-60e2-bf3c-f6db4d934ac4",
            "cluster_name": "coding-task-devops",
            "disk_size": 20,
            "id": "coding-task-devops:demo",
            "instance_types": [
              "t3.medium"
            ],
            "labels": null,
            "node_group_name": "demo",
            "node_role_arn": "arn:aws:iam::613218033618:role/ctd-node",
            "release_version": "1.14.7-20190927",
            "remote_access": [],
            "resources": [
              {
                "autoscaling_groups": [
                  {
                    "name": "eks-22b82c57-4be4-60e2-bf3c-f6db4d934ac4"
                  }
                ],
                "remote_access_security_group_id": ""
              }
            ],
            "scaling_config": [
              {
                "desired_size": 1,
                "max_size": 1,
                "min_size": 1
              }
            ],
            "status": "ACTIVE",
            "subnet_ids": [
              "subnet-0966a3f3a02e31b8a",
              "subnet-0d9ed138f0ae44299"
            ],
            "tags": null,
            "timeouts": null,
            "version": "1.14"
          },
          "private": "eyJlMmJmYjczMC1lY2FhLTExZTYtOGY4OC0zNDM2M2JjN2M0YzAiOnsiY3JlYXRlIjozNjAwMDAwMDAwMDAwLCJkZWxldGUiOjM2MDAwMDAwMDAwMDAsInVwZGF0ZSI6MzYwMDAwMDAwMDAwMH19",
          "dependencies": [
            "aws_eks_cluster.ctd",
            "aws_iam_role.ctd-cluster-role",
            "aws_iam_role.ctd-node-role",
            "aws_iam_role_policy_attachment.ctd-cluster-AmazonEKSClusterPolicy",
            "aws_iam_role_policy_attachment.ctd-cluster-AmazonEKSServicePolicy",
            "aws_iam_role_policy_attachment.ctd-node-AmazonEC2ContainerRegistryReadOnly",
            "aws_iam_role_policy_attachment.ctd-node-AmazonEKSWorkerNodePolicy",
            "aws_iam_role_policy_attachment.ctd-node-AmazonEKS_CNI_Policy",
            "aws_security_group.ctd-cluster-sg",
            "aws_subnet.atd_sn",
            "aws_vpc.ctd_vpc"
          ]
        }
      ]
    },
    {
      "mode": "managed",
      "type": "aws_iam_role",
      "name": "ctd-cluster-role",
      "provider": "provider.aws",
      "instances": [
        {
          "schema_version": 0,
          "attributes": {
            "arn": "arn:aws:iam::613218033618:role/ctd-cluster-role",
            "assume_role_policy": "{\"Version\":\"2012-10-17\",\"Statement\":[{\"Effect\":\"Allow\",\"Principal\":{\"Service\":\"eks.amazonaws.com\"},\"Action\":\"sts:AssumeRole\"}]}",
            "create_date": "2020-02-18T14:10:35Z",
            "description": "",
            "force_detach_policies": false,
            "id": "ctd-cluster-role",
            "max_session_duration": 3600,
            "name": "ctd-cluster-role",
            "name_prefix": null,
            "path": "/",
            "permissions_boundary": null,
            "tags": null,
            "unique_id": "AROAY5RVET7JFQZOW7AYY"
          },
          "private": "bnVsbA=="
        }
      ]
    },
    {
      "mode": "managed",
      "type": "aws_iam_role",
      "name": "ctd-node-role",
      "provider": "provider.aws",
      "instances": [
        {
          "schema_version": 0,
          "attributes": {
            "arn": "arn:aws:iam::613218033618:role/ctd-node",
            "assume_role_policy": "{\"Version\":\"2012-10-17\",\"Statement\":[{\"Effect\":\"Allow\",\"Principal\":{\"Service\":\"ec2.amazonaws.com\"},\"Action\":\"sts:AssumeRole\"}]}",
            "create_date": "2020-02-18T14:10:34Z",
            "description": "",
            "force_detach_policies": false,
            "id": "ctd-node",
            "max_session_duration": 3600,
            "name": "ctd-node",
            "name_prefix": null,
            "path": "/",
            "permissions_boundary": null,
            "tags": null,
            "unique_id": "AROAY5RVET7JHQKOKJ6WC"
          },
          "private": "bnVsbA=="
        }
      ]
    },
    {
      "mode": "managed",
      "type": "aws_iam_role_policy_attachment",
      "name": "ctd-cluster-AmazonEKSClusterPolicy",
      "provider": "provider.aws",
      "instances": [
        {
          "schema_version": 0,
          "attributes": {
            "id": "ctd-cluster-role-20200218141038015600000005",
            "policy_arn": "arn:aws:iam::aws:policy/AmazonEKSClusterPolicy",
            "role": "ctd-cluster-role"
          },
          "private": "bnVsbA==",
          "dependencies": [
            "aws_iam_role.ctd-cluster-role"
          ]
        }
      ]
    },
    {
      "mode": "managed",
      "type": "aws_iam_role_policy_attachment",
      "name": "ctd-cluster-AmazonEKSServicePolicy",
      "provider": "provider.aws",
      "instances": [
        {
          "schema_version": 0,
          "attributes": {
            "id": "ctd-cluster-role-20200218141038011400000004",
            "policy_arn": "arn:aws:iam::aws:policy/AmazonEKSServicePolicy",
            "role": "ctd-cluster-role"
          },
          "private": "bnVsbA==",
          "dependencies": [
            "aws_iam_role.ctd-cluster-role"
          ]
        }
      ]
    },
    {
      "mode": "managed",
      "type": "aws_iam_role_policy_attachment",
      "name": "ctd-node-AmazonEC2ContainerRegistryReadOnly",
      "provider": "provider.aws",
      "instances": [
        {
          "schema_version": 0,
          "attributes": {
            "id": "ctd-node-20200218141037182700000001",
            "policy_arn": "arn:aws:iam::aws:policy/AmazonEC2ContainerRegistryReadOnly",
            "role": "ctd-node"
          },
          "private": "bnVsbA==",
          "dependencies": [
            "aws_iam_role.ctd-node-role"
          ]
        }
      ]
    },
    {
      "mode": "managed",
      "type": "aws_iam_role_policy_attachment",
      "name": "ctd-node-AmazonEKSWorkerNodePolicy",
      "provider": "provider.aws",
      "instances": [
        {
          "schema_version": 0,
          "attributes": {
            "id": "ctd-node-20200218141037193600000002",
            "policy_arn": "arn:aws:iam::aws:policy/AmazonEKSWorkerNodePolicy",
            "role": "ctd-node"
          },
          "private": "bnVsbA==",
          "dependencies": [
            "aws_iam_role.ctd-node-role"
          ]
        }
      ]
    },
    {
      "mode": "managed",
      "type": "aws_iam_role_policy_attachment",
      "name": "ctd-node-AmazonEKS_CNI_Policy",
      "provider": "provider.aws",
      "instances": [
        {
          "schema_version": 0,
          "attributes": {
            "id": "ctd-node-20200218141037210300000003",
            "policy_arn": "arn:aws:iam::aws:policy/AmazonEKS_CNI_Policy",
            "role": "ctd-node"
          },
          "private": "bnVsbA==",
          "dependencies": [
            "aws_iam_role.ctd-node-role"
          ]
        }
      ]
    },
    {
      "mode": "managed",
      "type": "aws_internet_gateway",
      "name": "ctd_ig",
      "provider": "provider.aws",
      "instances": [
        {
          "schema_version": 0,
          "attributes": {
            "id": "igw-0c648f5decbe5c3de",
            "owner_id": "613218033618",
            "tags": {
              "Name": "ctd-ig"
            },
            "vpc_id": "vpc-0e4ebcb6e79f12c00"
          },
          "private": "bnVsbA==",
          "dependencies": [
            "aws_vpc.ctd_vpc"
          ]
        }
      ]
    },
    {
      "mode": "managed",
      "type": "aws_route_table",
      "name": "ctd_rt",
      "provider": "provider.aws",
      "instances": [
        {
          "schema_version": 0,
          "attributes": {
            "id": "rtb-0b98ded34fad45bdc",
            "owner_id": "613218033618",
            "propagating_vgws": [],
            "route": [
              {
                "cidr_block": "0.0.0.0/0",
                "egress_only_gateway_id": "",
                "gateway_id": "igw-0c648f5decbe5c3de",
                "instance_id": "",
                "ipv6_cidr_block": "",
                "nat_gateway_id": "",
                "network_interface_id": "",
                "transit_gateway_id": "",
                "vpc_peering_connection_id": ""
              }
            ],
            "tags": null,
            "vpc_id": "vpc-0e4ebcb6e79f12c00"
          },
          "private": "bnVsbA==",
          "dependencies": [
            "aws_internet_gateway.ctd_ig",
            "aws_vpc.ctd_vpc"
          ]
        }
      ]
    },
    {
      "mode": "managed",
      "type": "aws_route_table_association",
      "name": "ctd_rta",
      "each": "list",
      "provider": "provider.aws",
      "instances": [
        {
          "index_key": 0,
          "schema_version": 0,
          "attributes": {
            "gateway_id": null,
            "id": "rtbassoc-04d5dc31589271ba9",
            "route_table_id": "rtb-0b98ded34fad45bdc",
            "subnet_id": "subnet-0d9ed138f0ae44299"
          },
          "private": "bnVsbA==",
          "dependencies": [
            "aws_internet_gateway.ctd_ig",
            "aws_route_table.ctd_rt",
            "aws_subnet.atd_sn",
            "aws_vpc.ctd_vpc"
          ]
        },
        {
          "index_key": 1,
          "schema_version": 0,
          "attributes": {
            "gateway_id": null,
            "id": "rtbassoc-0b9d8547095fb1898",
            "route_table_id": "rtb-0b98ded34fad45bdc",
            "subnet_id": "subnet-0966a3f3a02e31b8a"
          },
          "private": "bnVsbA==",
          "dependencies": [
            "aws_internet_gateway.ctd_ig",
            "aws_route_table.ctd_rt",
            "aws_subnet.atd_sn",
            "aws_vpc.ctd_vpc"
          ]
        }
      ]
    },
    {
      "mode": "managed",
      "type": "aws_security_group",
      "name": "ctd-cluster-sg",
      "provider": "provider.aws",
      "instances": [
        {
          "schema_version": 1,
          "attributes": {
            "arn": "arn:aws:ec2:us-east-1:613218033618:security-group/sg-01d7573669c838c5d",
            "description": "Cluster communication with worker nodes",
            "egress": [
              {
                "cidr_blocks": [
                  "0.0.0.0/0"
                ],
                "description": "",
                "from_port": 0,
                "ipv6_cidr_blocks": [],
                "prefix_list_ids": [],
                "protocol": "-1",
                "security_groups": [],
                "self": false,
                "to_port": 0
              }
            ],
            "id": "sg-01d7573669c838c5d",
            "ingress": [],
            "name": "ctd-cluster-sg",
            "name_prefix": null,
            "owner_id": "613218033618",
            "revoke_rules_on_delete": false,
            "tags": {
              "Name": "ctd-cluster-sg"
            },
            "timeouts": null,
            "vpc_id": "vpc-0e4ebcb6e79f12c00"
          },
          "private": "eyJlMmJmYjczMC1lY2FhLTExZTYtOGY4OC0zNDM2M2JjN2M0YzAiOnsiY3JlYXRlIjo2MDAwMDAwMDAwMDAsImRlbGV0ZSI6NjAwMDAwMDAwMDAwfSwic2NoZW1hX3ZlcnNpb24iOiIxIn0=",
          "dependencies": [
            "aws_vpc.ctd_vpc"
          ]
        }
      ]
    },
    {
      "mode": "managed",
      "type": "aws_security_group_rule",
      "name": "ctd-cluster-ingress-workstation-https",
      "provider": "provider.aws",
      "instances": [
        {
          "schema_version": 2,
          "attributes": {
            "cidr_blocks": [
              "161.163.44.8/32"
            ],
            "description": "Allow workstation to communicate with the cluster API Server",
            "from_port": 443,
            "id": "sgrule-87810115",
            "ipv6_cidr_blocks": null,
            "prefix_list_ids": null,
            "protocol": "tcp",
            "security_group_id": "sg-01d7573669c838c5d",
            "self": false,
            "source_security_group_id": null,
            "to_port": 443,
            "type": "ingress"
          },
          "private": "eyJzY2hlbWFfdmVyc2lvbiI6IjIifQ==",
          "dependencies": [
            "aws_security_group.ctd-cluster-sg",
            "aws_vpc.ctd_vpc"
          ]
        }
      ]
    },
    {
      "mode": "managed",
      "type": "aws_subnet",
      "name": "atd_sn",
      "each": "list",
      "provider": "provider.aws",
      "instances": [
        {
          "index_key": 0,
          "schema_version": 1,
          "attributes": {
            "arn": "arn:aws:ec2:us-east-1:613218033618:subnet/subnet-0d9ed138f0ae44299",
            "assign_ipv6_address_on_creation": false,
            "availability_zone": "us-east-1a",
            "availability_zone_id": "use1-az6",
            "cidr_block": "10.0.0.0/24",
            "id": "subnet-0d9ed138f0ae44299",
            "ipv6_cidr_block": "",
            "ipv6_cidr_block_association_id": "",
            "map_public_ip_on_launch": false,
            "owner_id": "613218033618",
            "tags": {
              "Name": "terraform-eks-ctd-node",
              "kubernetes.io/cluster/coding-task-devops": "shared"
            },
            "timeouts": null,
            "vpc_id": "vpc-0e4ebcb6e79f12c00"
          },
          "private": "eyJlMmJmYjczMC1lY2FhLTExZTYtOGY4OC0zNDM2M2JjN2M0YzAiOnsiY3JlYXRlIjo2MDAwMDAwMDAwMDAsImRlbGV0ZSI6MTIwMDAwMDAwMDAwMH0sInNjaGVtYV92ZXJzaW9uIjoiMSJ9",
          "dependencies": [
            "aws_vpc.ctd_vpc"
          ]
        },
        {
          "index_key": 1,
          "schema_version": 1,
          "attributes": {
            "arn": "arn:aws:ec2:us-east-1:613218033618:subnet/subnet-0966a3f3a02e31b8a",
            "assign_ipv6_address_on_creation": false,
            "availability_zone": "us-east-1b",
            "availability_zone_id": "use1-az1",
            "cidr_block": "10.0.1.0/24",
            "id": "subnet-0966a3f3a02e31b8a",
            "ipv6_cidr_block": "",
            "ipv6_cidr_block_association_id": "",
            "map_public_ip_on_launch": false,
            "owner_id": "613218033618",
            "tags": {
              "Name": "terraform-eks-ctd-node",
              "kubernetes.io/cluster/coding-task-devops": "shared"
            },
            "timeouts": null,
            "vpc_id": "vpc-0e4ebcb6e79f12c00"
          },
          "private": "eyJlMmJmYjczMC1lY2FhLTExZTYtOGY4OC0zNDM2M2JjN2M0YzAiOnsiY3JlYXRlIjo2MDAwMDAwMDAwMDAsImRlbGV0ZSI6MTIwMDAwMDAwMDAwMH0sInNjaGVtYV92ZXJzaW9uIjoiMSJ9",
          "dependencies": [
            "aws_vpc.ctd_vpc"
          ]
        }
      ]
    },
    {
      "mode": "managed",
      "type": "aws_vpc",
      "name": "ctd_vpc",
      "provider": "provider.aws",
      "instances": [
        {
          "schema_version": 1,
          "attributes": {
            "arn": "arn:aws:ec2:us-east-1:613218033618:vpc/vpc-0e4ebcb6e79f12c00",
            "assign_generated_ipv6_cidr_block": false,
            "cidr_block": "10.0.0.0/16",
            "default_network_acl_id": "acl-07b2958d5bac1dfc0",
            "default_route_table_id": "rtb-0665f087c4dcea5d6",
            "default_security_group_id": "sg-0f554742658c30963",
            "dhcp_options_id": "dopt-fbce1c81",
            "enable_classiclink": false,
            "enable_classiclink_dns_support": false,
            "enable_dns_hostnames": true,
            "enable_dns_support": true,
            "id": "vpc-0e4ebcb6e79f12c00",
            "instance_tenancy": "default",
            "ipv6_association_id": "",
            "ipv6_cidr_block": "",
            "main_route_table_id": "rtb-0665f087c4dcea5d6",
            "owner_id": "613218033618",
            "tags": {
              "Name": "CTD VPC"
            }
          },
          "private": "eyJzY2hlbWFfdmVyc2lvbiI6IjEifQ=="
        }
      ]
    }
  ]
}
